// !$*UTF8*$!
{
	archiveVersion = 1;
	classes = {
	};
	objectVersion = 56;
	objects = {

/* Begin PBXBuildFile section */
		083AABFF2AAA49BF00929FAA /* SwiftUIExperiments2App.swift in Sources */ = {isa = PBXBuildFile; fileRef = 083AABFE2AAA49BF00929FAA /* SwiftUIExperiments2App.swift */; };
		083AAC012AAA49BF00929FAA /* ContentView.swift in Sources */ = {isa = PBXBuildFile; fileRef = 083AAC002AAA49BF00929FAA /* ContentView.swift */; };
		083AAC032AAA49BF00929FAA /* Assets.xcassets in Resources */ = {isa = PBXBuildFile; fileRef = 083AAC022AAA49BF00929FAA /* Assets.xcassets */; };
		083AAC062AAA49BF00929FAA /* Preview Assets.xcassets in Resources */ = {isa = PBXBuildFile; fileRef = 083AAC052AAA49BF00929FAA /* Preview Assets.xcassets */; };
		083AAC102AAA4A6000929FAA /* CourseDetailView.swift in Sources */ = {isa = PBXBuildFile; fileRef = 083AAC0C2AAA4A6000929FAA /* CourseDetailView.swift */; };
		083AAC122AAA4A6000929FAA /* CourseView.swift in Sources */ = {isa = PBXBuildFile; fileRef = 083AAC0E2AAA4A6000929FAA /* CourseView.swift */; };
		083AAC132AAA4A6000929FAA /* CourseModel.swift in Sources */ = {isa = PBXBuildFile; fileRef = 083AAC0F2AAA4A6000929FAA /* CourseModel.swift */; };
		083AAC152AAA9A0D00929FAA /* TeeView.swift in Sources */ = {isa = PBXBuildFile; fileRef = 083AAC142AAA9A0D00929FAA /* TeeView.swift */; };
		083AAC172AACCE6000929FAA /* TeeboxEditView.swift in Sources */ = {isa = PBXBuildFile; fileRef = 083AAC162AACCE5F00929FAA /* TeeboxEditView.swift */; };
		08B869672ABF333D00799608 /* LandingArea.swift in Sources */ = {isa = PBXBuildFile; fileRef = 08B869662ABF333D00799608 /* LandingArea.swift */; };
		08B869692ABF3B6000799608 /* ScoreView.swift in Sources */ = {isa = PBXBuildFile; fileRef = 08B869682ABF3B6000799608 /* ScoreView.swift */; };
		08B8696B2ABF5F4300799608 /* LandingAreaView.swift in Sources */ = {isa = PBXBuildFile; fileRef = 08B8696A2ABF5F4300799608 /* LandingAreaView.swift */; };
		08B8696D2ABFB73400799608 /* SandTrapView.swift in Sources */ = {isa = PBXBuildFile; fileRef = 08B8696C2ABFB73400799608 /* SandTrapView.swift */; };
		08B8696F2AC00A0D00799608 /* RoundsView.swift in Sources */ = {isa = PBXBuildFile; fileRef = 08B8696E2AC00A0D00799608 /* RoundsView.swift */; };
		08B869712AC1F48700799608 /* NavigationStateManager.swift in Sources */ = {isa = PBXBuildFile; fileRef = 08B869702AC1F48700799608 /* NavigationStateManager.swift */; };
		08B869732AC1FCD000799608 /* NewRoundView.swift in Sources */ = {isa = PBXBuildFile; fileRef = 08B869722AC1FCD000799608 /* NewRoundView.swift */; };
		08B869752AC203DC00799608 /* ChooseTeeView.swift in Sources */ = {isa = PBXBuildFile; fileRef = 08B869742AC203DC00799608 /* ChooseTeeView.swift */; };
		08B869772AC2076100799608 /* PersistenceManager.swift in Sources */ = {isa = PBXBuildFile; fileRef = 08B869762AC2076100799608 /* PersistenceManager.swift */; };
		08B8697B2AC3897800799608 /* ModelLoader.swift in Sources */ = {isa = PBXBuildFile; fileRef = 08B8697A2AC3897800799608 /* ModelLoader.swift */; };
		08B8697D2AC4B69300799608 /* ContentViewModel.swift in Sources */ = {isa = PBXBuildFile; fileRef = 08B8697C2AC4B69300799608 /* ContentViewModel.swift */; };
		08B869822AC9B94400799608 /* ScorecardView.swift in Sources */ = {isa = PBXBuildFile; fileRef = 08B869812AC9B94400799608 /* ScorecardView.swift */; };
		08F5E0082ACCB26700609274 /* PlayerScore.swift in Sources */ = {isa = PBXBuildFile; fileRef = 08F5E0072ACCB26700609274 /* PlayerScore.swift */; };
/* End PBXBuildFile section */

/* Begin PBXFileReference section */
		083AABFB2AAA49BF00929FAA /* SwiftUIExperiments2.app */ = {isa = PBXFileReference; explicitFileType = wrapper.application; includeInIndex = 0; path = SwiftUIExperiments2.app; sourceTree = BUILT_PRODUCTS_DIR; };
		083AABFE2AAA49BF00929FAA /* SwiftUIExperiments2App.swift */ = {isa = PBXFileReference; lastKnownFileType = sourcecode.swift; path = SwiftUIExperiments2App.swift; sourceTree = "<group>"; };
		083AAC002AAA49BF00929FAA /* ContentView.swift */ = {isa = PBXFileReference; lastKnownFileType = sourcecode.swift; path = ContentView.swift; sourceTree = "<group>"; };
		083AAC022AAA49BF00929FAA /* Assets.xcassets */ = {isa = PBXFileReference; lastKnownFileType = folder.assetcatalog; path = Assets.xcassets; sourceTree = "<group>"; };
		083AAC052AAA49BF00929FAA /* Preview Assets.xcassets */ = {isa = PBXFileReference; lastKnownFileType = folder.assetcatalog; path = "Preview Assets.xcassets"; sourceTree = "<group>"; };
		083AAC0C2AAA4A6000929FAA /* CourseDetailView.swift */ = {isa = PBXFileReference; fileEncoding = 4; lastKnownFileType = sourcecode.swift; path = CourseDetailView.swift; sourceTree = "<group>"; };
		083AAC0E2AAA4A6000929FAA /* CourseView.swift */ = {isa = PBXFileReference; fileEncoding = 4; lastKnownFileType = sourcecode.swift; path = CourseView.swift; sourceTree = "<group>"; };
		083AAC0F2AAA4A6000929FAA /* CourseModel.swift */ = {isa = PBXFileReference; fileEncoding = 4; lastKnownFileType = sourcecode.swift; path = CourseModel.swift; sourceTree = "<group>"; };
		083AAC142AAA9A0D00929FAA /* TeeView.swift */ = {isa = PBXFileReference; lastKnownFileType = sourcecode.swift; path = TeeView.swift; sourceTree = "<group>"; };
		083AAC162AACCE5F00929FAA /* TeeboxEditView.swift */ = {isa = PBXFileReference; lastKnownFileType = sourcecode.swift; path = TeeboxEditView.swift; sourceTree = "<group>"; };
		08B869662ABF333D00799608 /* LandingArea.swift */ = {isa = PBXFileReference; lastKnownFileType = sourcecode.swift; path = LandingArea.swift; sourceTree = "<group>"; };
		08B869682ABF3B6000799608 /* ScoreView.swift */ = {isa = PBXFileReference; lastKnownFileType = sourcecode.swift; path = ScoreView.swift; sourceTree = "<group>"; };
		08B8696A2ABF5F4300799608 /* LandingAreaView.swift */ = {isa = PBXFileReference; lastKnownFileType = sourcecode.swift; path = LandingAreaView.swift; sourceTree = "<group>"; };
		08B8696C2ABFB73400799608 /* SandTrapView.swift */ = {isa = PBXFileReference; lastKnownFileType = sourcecode.swift; path = SandTrapView.swift; sourceTree = "<group>"; };
		08B8696E2AC00A0D00799608 /* RoundsView.swift */ = {isa = PBXFileReference; lastKnownFileType = sourcecode.swift; path = RoundsView.swift; sourceTree = "<group>"; };
		08B869702AC1F48700799608 /* NavigationStateManager.swift */ = {isa = PBXFileReference; lastKnownFileType = sourcecode.swift; path = NavigationStateManager.swift; sourceTree = "<group>"; };
		08B869722AC1FCD000799608 /* NewRoundView.swift */ = {isa = PBXFileReference; lastKnownFileType = sourcecode.swift; path = NewRoundView.swift; sourceTree = "<group>"; };
		08B869742AC203DC00799608 /* ChooseTeeView.swift */ = {isa = PBXFileReference; lastKnownFileType = sourcecode.swift; path = ChooseTeeView.swift; sourceTree = "<group>"; };
		08B869762AC2076100799608 /* PersistenceManager.swift */ = {isa = PBXFileReference; lastKnownFileType = sourcecode.swift; path = PersistenceManager.swift; sourceTree = "<group>"; };
		08B8697A2AC3897800799608 /* ModelLoader.swift */ = {isa = PBXFileReference; lastKnownFileType = sourcecode.swift; path = ModelLoader.swift; sourceTree = "<group>"; };
		08B8697C2AC4B69300799608 /* ContentViewModel.swift */ = {isa = PBXFileReference; lastKnownFileType = sourcecode.swift; path = ContentViewModel.swift; sourceTree = "<group>"; };
		08B869812AC9B94400799608 /* ScorecardView.swift */ = {isa = PBXFileReference; lastKnownFileType = sourcecode.swift; path = ScorecardView.swift; sourceTree = "<group>"; };
		08F5E0072ACCB26700609274 /* PlayerScore.swift */ = {isa = PBXFileReference; lastKnownFileType = sourcecode.swift; path = PlayerScore.swift; sourceTree = "<group>"; };
/* End PBXFileReference section */

/* Begin PBXFrameworksBuildPhase section */
		083AABF82AAA49BF00929FAA /* Frameworks */ = {
			isa = PBXFrameworksBuildPhase;
			buildActionMask = 2147483647;
			files = (
			);
			runOnlyForDeploymentPostprocessing = 0;
		};
/* End PBXFrameworksBuildPhase section */

/* Begin PBXGroup section */
		083AABF22AAA49BE00929FAA = {
			isa = PBXGroup;
			children = (
				083AABFD2AAA49BF00929FAA /* SwiftUIExperiments2 */,
				083AABFC2AAA49BF00929FAA /* Products */,
			);
			sourceTree = "<group>";
		};
		083AABFC2AAA49BF00929FAA /* Products */ = {
			isa = PBXGroup;
			children = (
				083AABFB2AAA49BF00929FAA /* SwiftUIExperiments2.app */,
			);
			name = Products;
			sourceTree = "<group>";
		};
		083AABFD2AAA49BF00929FAA /* SwiftUIExperiments2 */ = {
			isa = PBXGroup;
			children = (
				083AAC0F2AAA4A6000929FAA /* CourseModel.swift */,
				083AAC002AAA49BF00929FAA /* ContentView.swift */,
				08B8697C2AC4B69300799608 /* ContentViewModel.swift */,
				083AAC0E2AAA4A6000929FAA /* CourseView.swift */,
				083AAC0C2AAA4A6000929FAA /* CourseDetailView.swift */,
				083AAC142AAA9A0D00929FAA /* TeeView.swift */,
				083AAC162AACCE5F00929FAA /* TeeboxEditView.swift */,
				08B869682ABF3B6000799608 /* ScoreView.swift */,
				08B8696E2AC00A0D00799608 /* RoundsView.swift */,
				08B869722AC1FCD000799608 /* NewRoundView.swift */,
				08B869742AC203DC00799608 /* ChooseTeeView.swift */,
				08B869662ABF333D00799608 /* LandingArea.swift */,
				08B8696A2ABF5F4300799608 /* LandingAreaView.swift */,
				08B8696C2ABFB73400799608 /* SandTrapView.swift */,
				08F5E0072ACCB26700609274 /* PlayerScore.swift */,
				08B869812AC9B94400799608 /* ScorecardView.swift */,
				08B869702AC1F48700799608 /* NavigationStateManager.swift */,
				08B8697A2AC3897800799608 /* ModelLoader.swift */,
				08B869762AC2076100799608 /* PersistenceManager.swift */,
				083AABFE2AAA49BF00929FAA /* SwiftUIExperiments2App.swift */,
				083AAC022AAA49BF00929FAA /* Assets.xcassets */,
				083AAC042AAA49BF00929FAA /* Preview Content */,
			);
			path = SwiftUIExperiments2;
			sourceTree = "<group>";
		};
		083AAC042AAA49BF00929FAA /* Preview Content */ = {
			isa = PBXGroup;
			children = (
				083AAC052AAA49BF00929FAA /* Preview Assets.xcassets */,
			);
			path = "Preview Content";
			sourceTree = "<group>";
		};
/* End PBXGroup section */

/* Begin PBXNativeTarget section */
		083AABFA2AAA49BF00929FAA /* SwiftUIExperiments2 */ = {
			isa = PBXNativeTarget;
			buildConfigurationList = 083AAC092AAA49BF00929FAA /* Build configuration list for PBXNativeTarget "SwiftUIExperiments2" */;
			buildPhases = (
				083AABF72AAA49BF00929FAA /* Sources */,
				083AABF82AAA49BF00929FAA /* Frameworks */,
				083AABF92AAA49BF00929FAA /* Resources */,
			);
			buildRules = (
			);
			dependencies = (
			);
			name = SwiftUIExperiments2;
			productName = SwiftUIExperiments2;
			productReference = 083AABFB2AAA49BF00929FAA /* SwiftUIExperiments2.app */;
			productType = "com.apple.product-type.application";
		};
/* End PBXNativeTarget section */

/* Begin PBXProject section */
		083AABF32AAA49BE00929FAA /* Project object */ = {
			isa = PBXProject;
			attributes = {
				BuildIndependentTargetsInParallel = 1;
				LastSwiftUpdateCheck = 1430;
				LastUpgradeCheck = 1430;
				TargetAttributes = {
					083AABFA2AAA49BF00929FAA = {
						CreatedOnToolsVersion = 14.3;
					};
				};
			};
			buildConfigurationList = 083AABF62AAA49BE00929FAA /* Build configuration list for PBXProject "SwiftUIExperiments2" */;
			compatibilityVersion = "Xcode 14.0";
			developmentRegion = en;
			hasScannedForEncodings = 0;
			knownRegions = (
				en,
				Base,
			);
			mainGroup = 083AABF22AAA49BE00929FAA;
			productRefGroup = 083AABFC2AAA49BF00929FAA /* Products */;
			projectDirPath = "";
			projectRoot = "";
			targets = (
				083AABFA2AAA49BF00929FAA /* SwiftUIExperiments2 */,
			);
		};
/* End PBXProject section */

/* Begin PBXResourcesBuildPhase section */
		083AABF92AAA49BF00929FAA /* Resources */ = {
			isa = PBXResourcesBuildPhase;
			buildActionMask = 2147483647;
			files = (
				083AAC062AAA49BF00929FAA /* Preview Assets.xcassets in Resources */,
				083AAC032AAA49BF00929FAA /* Assets.xcassets in Resources */,
			);
			runOnlyForDeploymentPostprocessing = 0;
		};
/* End PBXResourcesBuildPhase section */

/* Begin PBXSourcesBuildPhase section */
		083AABF72AAA49BF00929FAA /* Sources */ = {
			isa = PBXSourcesBuildPhase;
			buildActionMask = 2147483647;
			files = (
				08B869822AC9B94400799608 /* ScorecardView.swift in Sources */,
				08B8697B2AC3897800799608 /* ModelLoader.swift in Sources */,
				083AAC132AAA4A6000929FAA /* CourseModel.swift in Sources */,
				08B869672ABF333D00799608 /* LandingArea.swift in Sources */,
				08B869692ABF3B6000799608 /* ScoreView.swift in Sources */,
				08B869772AC2076100799608 /* PersistenceManager.swift in Sources */,
				083AAC152AAA9A0D00929FAA /* TeeView.swift in Sources */,
				083AAC012AAA49BF00929FAA /* ContentView.swift in Sources */,
				083AAC172AACCE6000929FAA /* TeeboxEditView.swift in Sources */,
				083AAC122AAA4A6000929FAA /* CourseView.swift in Sources */,
				08B8696D2ABFB73400799608 /* SandTrapView.swift in Sources */,
				08B8696B2ABF5F4300799608 /* LandingAreaView.swift in Sources */,
				08B8697D2AC4B69300799608 /* ContentViewModel.swift in Sources */,
				083AAC102AAA4A6000929FAA /* CourseDetailView.swift in Sources */,
				08B869752AC203DC00799608 /* ChooseTeeView.swift in Sources */,
				08B869732AC1FCD000799608 /* NewRoundView.swift in Sources */,
				08B869712AC1F48700799608 /* NavigationStateManager.swift in Sources */,
				08F5E0082ACCB26700609274 /* PlayerScore.swift in Sources */,
				083AABFF2AAA49BF00929FAA /* SwiftUIExperiments2App.swift in Sources */,
				08B8696F2AC00A0D00799608 /* RoundsView.swift in Sources */,
			);
			runOnlyForDeploymentPostprocessing = 0;
		};
/* End PBXSourcesBuildPhase section */

/* Begin XCBuildConfiguration section */
		083AAC072AAA49BF00929FAA /* Debug */ = {
			isa = XCBuildConfiguration;
			buildSettings = {
				ALWAYS_SEARCH_USER_PATHS = NO;
				CLANG_ANALYZER_NONNULL = YES;
				CLANG_ANALYZER_NUMBER_OBJECT_CONVERSION = YES_AGGRESSIVE;
				CLANG_CXX_LANGUAGE_STANDARD = "gnu++20";
				CLANG_ENABLE_MODULES = YES;
				CLANG_ENABLE_OBJC_ARC = YES;
				CLANG_ENABLE_OBJC_WEAK = YES;
				CLANG_WARN_BLOCK_CAPTURE_AUTORELEASING = YES;
				CLANG_WARN_BOOL_CONVERSION = YES;
				CLANG_WARN_COMMA = YES;
				CLANG_WARN_CONSTANT_CONVERSION = YES;
				CLANG_WARN_DEPRECATED_OBJC_IMPLEMENTATIONS = YES;
				CLANG_WARN_DIRECT_OBJC_ISA_USAGE = YES_ERROR;
				CLANG_WARN_DOCUMENTATION_COMMENTS = YES;
				CLANG_WARN_EMPTY_BODY = YES;
				CLANG_WARN_ENUM_CONVERSION = YES;
				CLANG_WARN_INFINITE_RECURSION = YES;
				CLANG_WARN_INT_CONVERSION = YES;
				CLANG_WARN_NON_LITERAL_NULL_CONVERSION = YES;
				CLANG_WARN_OBJC_IMPLICIT_RETAIN_SELF = YES;
				CLANG_WARN_OBJC_LITERAL_CONVERSION = YES;
				CLANG_WARN_OBJC_ROOT_CLASS = YES_ERROR;
				CLANG_WARN_QUOTED_INCLUDE_IN_FRAMEWORK_HEADER = YES;
				CLANG_WARN_RANGE_LOOP_ANALYSIS = YES;
				CLANG_WARN_STRICT_PROTOTYPES = YES;
				CLANG_WARN_SUSPICIOUS_MOVE = YES;
				CLANG_WARN_UNGUARDED_AVAILABILITY = YES_AGGRESSIVE;
				CLANG_WARN_UNREACHABLE_CODE = YES;
				CLANG_WARN__DUPLICATE_METHOD_MATCH = YES;
				COPY_PHASE_STRIP = NO;
				DEBUG_INFORMATION_FORMAT = dwarf;
				ENABLE_STRICT_OBJC_MSGSEND = YES;
				ENABLE_TESTABILITY = YES;
				GCC_C_LANGUAGE_STANDARD = gnu11;
				GCC_DYNAMIC_NO_PIC = NO;
				GCC_NO_COMMON_BLOCKS = YES;
				GCC_OPTIMIZATION_LEVEL = 0;
				GCC_PREPROCESSOR_DEFINITIONS = (
					"DEBUG=1",
					"$(inherited)",
				);
				GCC_WARN_64_TO_32_BIT_CONVERSION = YES;
				GCC_WARN_ABOUT_RETURN_TYPE = YES_ERROR;
				GCC_WARN_UNDECLARED_SELECTOR = YES;
				GCC_WARN_UNINITIALIZED_AUTOS = YES_AGGRESSIVE;
				GCC_WARN_UNUSED_FUNCTION = YES;
				GCC_WARN_UNUSED_VARIABLE = YES;
				IPHONEOS_DEPLOYMENT_TARGET = 16.4;
				MTL_ENABLE_DEBUG_INFO = INCLUDE_SOURCE;
				MTL_FAST_MATH = YES;
				ONLY_ACTIVE_ARCH = YES;
				SDKROOT = iphoneos;
				SWIFT_ACTIVE_COMPILATION_CONDITIONS = DEBUG;
				SWIFT_OPTIMIZATION_LEVEL = "-Onone";
			};
			name = Debug;
		};
		083AAC082AAA49BF00929FAA /* Release */ = {
			isa = XCBuildConfiguration;
			buildSettings = {
				ALWAYS_SEARCH_USER_PATHS = NO;
				CLANG_ANALYZER_NONNULL = YES;
				CLANG_ANALYZER_NUMBER_OBJECT_CONVERSION = YES_AGGRESSIVE;
				CLANG_CXX_LANGUAGE_STANDARD = "gnu++20";
				CLANG_ENABLE_MODULES = YES;
				CLANG_ENABLE_OBJC_ARC = YES;
				CLANG_ENABLE_OBJC_WEAK = YES;
				CLANG_WARN_BLOCK_CAPTURE_AUTORELEASING = YES;
				CLANG_WARN_BOOL_CONVERSION = YES;
				CLANG_WARN_COMMA = YES;
				CLANG_WARN_CONSTANT_CONVERSION = YES;
				CLANG_WARN_DEPRECATED_OBJC_IMPLEMENTATIONS = YES;
				CLANG_WARN_DIRECT_OBJC_ISA_USAGE = YES_ERROR;
				CLANG_WARN_DOCUMENTATION_COMMENTS = YES;
				CLANG_WARN_EMPTY_BODY = YES;
				CLANG_WARN_ENUM_CONVERSION = YES;
				CLANG_WARN_INFINITE_RECURSION = YES;
				CLANG_WARN_INT_CONVERSION = YES;
				CLANG_WARN_NON_LITERAL_NULL_CONVERSION = YES;
				CLANG_WARN_OBJC_IMPLICIT_RETAIN_SELF = YES;
				CLANG_WARN_OBJC_LITERAL_CONVERSION = YES;
				CLANG_WARN_OBJC_ROOT_CLASS = YES_ERROR;
				CLANG_WARN_QUOTED_INCLUDE_IN_FRAMEWORK_HEADER = YES;
				CLANG_WARN_RANGE_LOOP_ANALYSIS = YES;
				CLANG_WARN_STRICT_PROTOTYPES = YES;
				CLANG_WARN_SUSPICIOUS_MOVE = YES;
				CLANG_WARN_UNGUARDED_AVAILABILITY = YES_AGGRESSIVE;
				CLANG_WARN_UNREACHABLE_CODE = YES;
				CLANG_WARN__DUPLICATE_METHOD_MATCH = YES;
				COPY_PHASE_STRIP = NO;
				DEBUG_INFORMATION_FORMAT = "dwarf-with-dsym";
				ENABLE_NS_ASSERTIONS = NO;
				ENABLE_STRICT_OBJC_MSGSEND = YES;
				GCC_C_LANGUAGE_STANDARD = gnu11;
				GCC_NO_COMMON_BLOCKS = YES;
				GCC_WARN_64_TO_32_BIT_CONVERSION = YES;
				GCC_WARN_ABOUT_RETURN_TYPE = YES_ERROR;
				GCC_WARN_UNDECLARED_SELECTOR = YES;
				GCC_WARN_UNINITIALIZED_AUTOS = YES_AGGRESSIVE;
				GCC_WARN_UNUSED_FUNCTION = YES;
				GCC_WARN_UNUSED_VARIABLE = YES;
				IPHONEOS_DEPLOYMENT_TARGET = 16.4;
				MTL_ENABLE_DEBUG_INFO = NO;
				MTL_FAST_MATH = YES;
				SDKROOT = iphoneos;
				SWIFT_COMPILATION_MODE = wholemodule;
				SWIFT_OPTIMIZATION_LEVEL = "-O";
				VALIDATE_PRODUCT = YES;
			};
			name = Release;
		};
		083AAC0A2AAA49BF00929FAA /* Debug */ = {
			isa = XCBuildConfiguration;
			buildSettings = {
				ASSETCATALOG_COMPILER_APPICON_NAME = AppIcon;
				ASSETCATALOG_COMPILER_GLOBAL_ACCENT_COLOR_NAME = AccentColor;
				CODE_SIGN_STYLE = Automatic;
				CURRENT_PROJECT_VERSION = 1;
				DEVELOPMENT_ASSET_PATHS = "\"SwiftUIExperiments2/Preview Content\"";
				DEVELOPMENT_TEAM = 7V45XTK63F;
				ENABLE_PREVIEWS = YES;
				GENERATE_INFOPLIST_FILE = YES;
				INFOPLIST_KEY_UIApplicationSceneManifest_Generation = YES;
				INFOPLIST_KEY_UIApplicationSupportsIndirectInputEvents = YES;
				INFOPLIST_KEY_UILaunchScreen_Generation = YES;
				INFOPLIST_KEY_UISupportedInterfaceOrientations_iPad = "UIInterfaceOrientationPortrait UIInterfaceOrientationPortraitUpsideDown UIInterfaceOrientationLandscapeLeft UIInterfaceOrientationLandscapeRight";
				INFOPLIST_KEY_UISupportedInterfaceOrientations_iPhone = "UIInterfaceOrientationPortrait UIInterfaceOrientationLandscapeLeft UIInterfaceOrientationLandscapeRight";
				LD_RUNPATH_SEARCH_PATHS = (
					"$(inherited)",
					"@executable_path/Frameworks",
				);
				MARKETING_VERSION = 1.0;
				PRODUCT_BUNDLE_IDENTIFIER = icloud.ronwilson.SwiftUIExperiments2;
				PRODUCT_NAME = "$(TARGET_NAME)";
				SWIFT_EMIT_LOC_STRINGS = YES;
				SWIFT_VERSION = 5.0;
				TARGETED_DEVICE_FAMILY = "1,2";
			};
			name = Debug;
		};
		083AAC0B2AAA49BF00929FAA /* Release */ = {
			isa = XCBuildConfiguration;
			buildSettings = {
				ASSETCATALOG_COMPILER_APPICON_NAME = AppIcon;
				ASSETCATALOG_COMPILER_GLOBAL_ACCENT_COLOR_NAME = AccentColor;
				CODE_SIGN_STYLE = Automatic;
				CURRENT_PROJECT_VERSION = 1;
				DEVELOPMENT_ASSET_PATHS = "\"SwiftUIExperiments2/Preview Content\"";
				DEVELOPMENT_TEAM = 7V45XTK63F;
				ENABLE_PREVIEWS = YES;
				GENERATE_INFOPLIST_FILE = YES;
				INFOPLIST_KEY_UIApplicationSceneManifest_Generation = YES;
				INFOPLIST_KEY_UIApplicationSupportsIndirectInputEvents = YES;
				INFOPLIST_KEY_UILaunchScreen_Generation = YES;
				INFOPLIST_KEY_UISupportedInterfaceOrientations_iPad = "UIInterfaceOrientationPortrait UIInterfaceOrientationPortraitUpsideDown UIInterfaceOrientationLandscapeLeft UIInterfaceOrientationLandscapeRight";
				INFOPLIST_KEY_UISupportedInterfaceOrientations_iPhone = "UIInterfaceOrientationPortrait UIInterfaceOrientationLandscapeLeft UIInterfaceOrientationLandscapeRight";
				LD_RUNPATH_SEARCH_PATHS = (
					"$(inherited)",
					"@executable_path/Frameworks",
				);
				MARKETING_VERSION = 1.0;
				PRODUCT_BUNDLE_IDENTIFIER = icloud.ronwilson.SwiftUIExperiments2;
				PRODUCT_NAME = "$(TARGET_NAME)";
				SWIFT_EMIT_LOC_STRINGS = YES;
				SWIFT_VERSION = 5.0;
				TARGETED_DEVICE_FAMILY = "1,2";
			};
			name = Release;
		};
/* End XCBuildConfiguration section */

/* Begin XCConfigurationList section */
		083AABF62AAA49BE00929FAA /* Build configuration list for PBXProject "SwiftUIExperiments2" */ = {
			isa = XCConfigurationList;
			buildConfigurations = (
				083AAC072AAA49BF00929FAA /* Debug */,
				083AAC082AAA49BF00929FAA /* Release */,
			);
			defaultConfigurationIsVisible = 0;
			defaultConfigurationName = Release;
		};
		083AAC092AAA49BF00929FAA /* Build configuration list for PBXNativeTarget "SwiftUIExperiments2" */ = {
			isa = XCConfigurationList;
			buildConfigurations = (
				083AAC0A2AAA49BF00929FAA /* Debug */,
				083AAC0B2AAA49BF00929FAA /* Release */,
			);
			defaultConfigurationIsVisible = 0;
			defaultConfigurationName = Release;
		};
/* End XCConfigurationList section */
	};
	rootObject = 083AABF32AAA49BE00929FAA /* Project object */;
}
